
Microsoft Visual Studio Solution File, Format Version 12.00
# Visual Studio Version 17
VisualStudioVersion = 17.3.32825.248
MinimumVisualStudioVersion = 10.0.40219.1
Project("{FAE04EC0-301F-11D3-BF4B-00C04F79EFBC}") = "WeekEight", "WeekEight\WeekEight.csproj", "{02AADCAA-BA33-4269-9FA9-70FF80F9EAB3}"
EndProject
Global
	GlobalSection(SolutionConfigurationPlatforms) = preSolution
		Debug|Any CPU = Debug|Any CPU
		Release|Any CPU = Release|Any CPU
	EndGlobalSection
	GlobalSection(ProjectConfigurationPlatforms) = postSolution
		{02AADCAA-BA33-4269-9FA9-70FF80F9EAB3}.Debug|Any CPU.ActiveCfg = Debug|Any CPU
		{02AADCAA-BA33-4269-9FA9-70FF80F9EAB3}.Debug|Any CPU.Build.0 = Debug|Any CPU
		{02AADCAA-BA33-4269-9FA9-70FF80F9EAB3}.Release|Any CPU.ActiveCfg = Release|Any CPU
		{02AADCAA-BA33-4269-9FA9-70FF80F9EAB3}.Release|Any CPU.Build.0 = Release|Any CPU
	EndGlobalSection
	GlobalSection(SolutionProperties) = preSolution
		HideSolutionNode = FALSE
	EndGlobalSection
	GlobalSection(ExtensibilityGlobals) = postSolution
		SolutionGuid = {5FC11C19-93BD-44A3-B792-07AB03F92503}
	EndGlobalSection
EndGlobal
